
Microsoft Visual Studio Solution File, Format Version 12.00
# Visual Studio Version 17
VisualStudioVersion = 17.14.36121.58 d17.14
MinimumVisualStudioVersion = 10.0.40219.1
Project("{FAE04EC0-301F-11D3-BF4B-00C04F79EFBC}") = "MatchGame", "MatchGame\MatchGame.csproj", "{C855F226-C70D-48AD-9F45-CB0E5D39211D}"
EndProject
Global
	GlobalSection(SolutionConfigurationPlatforms) = preSolution
		Debug|Any CPU = Debug|Any CPU
		Release|Any CPU = Release|Any CPU
	EndGlobalSection
	GlobalSection(ProjectConfigurationPlatforms) = postSolution
		{C855F226-C70D-48AD-9F45-CB0E5D39211D}.Debug|Any CPU.ActiveCfg = Debug|Any CPU
		{C855F226-C70D-48AD-9F45-CB0E5D39211D}.Debug|Any CPU.Build.0 = Debug|Any CPU
		{C855F226-C70D-48AD-9F45-CB0E5D39211D}.Release|Any CPU.ActiveCfg = Release|Any CPU
		{C855F226-C70D-48AD-9F45-CB0E5D39211D}.Release|Any CPU.Build.0 = Release|Any CPU
	EndGlobalSection
	GlobalSection(SolutionProperties) = preSolution
		HideSolutionNode = FALSE
	EndGlobalSection
	GlobalSection(ExtensibilityGlobals) = postSolution
		SolutionGuid = {73E7965C-07C3-411D-BDCA-40FC4204F044}
	EndGlobalSection
EndGlobal
